
Microsoft Visual Studio Solution File, Format Version 12.00
# Visual Studio Version 17
VisualStudioVersion = 17.6.33815.320
MinimumVisualStudioVersion = 10.0.40219.1
Project("{FAE04EC0-301F-11D3-BF4B-00C04F79EFBC}") = "Tuna-Piano-API", "Tuna-Piano-API.csproj", "{1D8EE684-A151-4782-8D07-EB3E39404BE3}"
EndProject
Global
	GlobalSection(SolutionConfigurationPlatforms) = preSolution
		Debug|Any CPU = Debug|Any CPU
		Release|Any CPU = Release|Any CPU
	EndGlobalSection
	GlobalSection(ProjectConfigurationPlatforms) = postSolution
		{1D8EE684-A151-4782-8D07-EB3E39404BE3}.Debug|Any CPU.ActiveCfg = Debug|Any CPU
		{1D8EE684-A151-4782-8D07-EB3E39404BE3}.Debug|Any CPU.Build.0 = Debug|Any CPU
		{1D8EE684-A151-4782-8D07-EB3E39404BE3}.Release|Any CPU.ActiveCfg = Release|Any CPU
		{1D8EE684-A151-4782-8D07-EB3E39404BE3}.Release|Any CPU.Build.0 = Release|Any CPU
	EndGlobalSection
	GlobalSection(SolutionProperties) = preSolution
		HideSolutionNode = FALSE
	EndGlobalSection
	GlobalSection(ExtensibilityGlobals) = postSolution
		SolutionGuid = {FC3A5D9D-A693-4EA6-9705-02A998C38380}
	EndGlobalSection
EndGlobal
